{
  "name": "我的博客",
  "lockfileVersion": 3,
  "requires": true,
  "packages": {
    "": {
      "dependencies": {
        "@headlessui/react": "^2.2.4",
        "@tanstack/react-virtual": "^3.13.12",
        "clsx": "^2.1.1",
        "tailwind-merge": "^3.3.1"
      },
      "devDependencies": {
        "@next/bundle-analyzer": "^15.3.5"
      }
    },
    "node_modules/@discoveryjs/json-ext": {
      "version": "0.5.7",
      "resolved": "https://registry.npmjs.org/@discoveryjs/json-ext/-/json-ext-0.5.7.tgz",
      "integrity": "sha512-dBVuXR082gk3jsFp7Rd/JI4kytwGHecnCoTtXFb7DB6CNHp4rg5k1bhg0nWdLGLnOV71lmDzGQaLMy8iPLY0pw==",
      "dev": true,
      "license": "MIT",
      "engines": {
        "node": ">=10.0.0"
      }
    },
    "node_modules/@floating-ui/core": {
      "version": "1.7.2",
      "resolved": "https://registry.npmjs.org/@floating-ui/core/-/core-1.7.2.tgz",
      "integrity": "sha512-wNB5ooIKHQc+Kui96jE/n69rHFWAVoxn5CAzL1Xdd8FG03cgY3MLO+GF9U3W737fYDSgPWA6MReKhBQBop6Pcw==",
      "license": "MIT",
      "dependencies": {
        "@floating-ui/utils": "^0.2.10"
      }
    },
    "node_modules/@floating-ui/dom": {
      "version": "1.7.2",
      "resolved": "https://registry.npmjs.org/@floating-ui/dom/-/dom-1.7.2.tgz",
      "integrity": "sha512-7cfaOQuCS27HD7DX+6ib2OrnW+b4ZBwDNnCcT0uTyidcmyWb03FnQqJybDBoCnpdxwBSfA94UAYlRCt7mV+TbA==",
      "license": "MIT",
      "dependencies": {
        "@floating-ui/core": "^1.7.2",
        "@floating-ui/utils": "^0.2.10"
      }
    },
    "node_modules/@floating-ui/react": {
      "version": "0.26.28",
      "resolved": "https://registry.npmjs.org/@floating-ui/react/-/react-0.26.28.tgz",
      "integrity": "sha512-yORQuuAtVpiRjpMhdc0wJj06b9JFjrYF4qp96j++v2NBpbi6SEGF7donUJ3TMieerQ6qVkAv1tgr7L4r5roTqw==",
      "license": "MIT",
      "dependencies": {
        "@floating-ui/react-dom": "^2.1.2",
        "@floating-ui/utils": "^0.2.8",
        "tabbable": "^6.0.0"
      },
      "peerDependencies": {
        "react": ">=16.8.0",
        "react-dom": ">=16.8.0"
      }
    },
    "node_modules/@floating-ui/react-dom": {
      "version": "2.1.4",
      "resolved": "https://registry.npmjs.org/@floating-ui/react-dom/-/react-dom-2.1.4.tgz",
      "integrity": "sha512-JbbpPhp38UmXDDAu60RJmbeme37Jbgsm7NrHGgzYYFKmblzRUh6Pa641dII6LsjwF4XlScDrde2UAzDo/b9KPw==",
      "license": "MIT",
      "dependencies": {
        "@floating-ui/dom": "^1.7.2"
      },
      "peerDependencies": {
        "react": ">=16.8.0",
        "react-dom": ">=16.8.0"
      }
    },
    "node_modules/@floating-ui/utils": {
      "version": "0.2.10",
      "resolved": "https://registry.npmjs.org/@floating-ui/utils/-/utils-0.2.10.tgz",
      "integrity": "sha512-aGTxbpbg8/b5JfU1HXSrbH3wXZuLPJcNEcZQFMxLs3oSzgtVu6nFPkbbGGUvBcUjKV2YyB9Wxxabo+HEH9tcRQ==",
      "license": "MIT"
    },
    "node_modules/@headlessui/react": {
      "version": "2.2.4",
      "resolved": "https://registry.npmjs.org/@headlessui/react/-/react-2.2.4.tgz",
      "integrity": "sha512-lz+OGcAH1dK93rgSMzXmm1qKOJkBUqZf1L4M8TWLNplftQD3IkoEDdUFNfAn4ylsN6WOTVtWaLmvmaHOUk1dTA==",
      "license": "MIT",
      "dependencies": {
        "@floating-ui/react": "^0.26.16",
        "@react-aria/focus": "^3.20.2",
        "@react-aria/interactions": "^3.25.0",
        "@tanstack/react-virtual": "^3.13.9",
        "use-sync-external-store": "^1.5.0"
      },
      "engines": {
        "node": ">=10"
      },
      "peerDependencies": {
        "react": "^18 || ^19 || ^19.0.0-rc",
        "react-dom": "^18 || ^19 || ^19.0.0-rc"
      }
    },
    "node_modules/@next/bundle-analyzer": {
      "version": "15.3.5",
      "resolved": "https://registry.npmjs.org/@next/bundle-analyzer/-/bundle-analyzer-15.3.5.tgz",
      "integrity": "sha512-r1tlg7N4IUWpdqdy8/6bf7pvo2yeN9Oc6OHEiMsMfIooJ5k37Odi9HC1qBS4soULNE7FiQ18JP/TdmQKiaIkoA==",
      "dev": true,
      "license": "MIT",
      "dependencies": {
        "webpack-bundle-analyzer": "4.10.1"
      }
    },
    "node_modules/@polka/url": {
      "version": "1.0.0-next.29",
      "resolved": "https://registry.npmjs.org/@polka/url/-/url-1.0.0-next.29.tgz",
      "integrity": "sha512-wwQAWhWSuHaag8c4q/KN/vCoeOJYshAIvMQwD4GpSb3OiZklFfvAgmj0VCBBImRpuF/aFgIRzllXlVX93Jevww==",
      "dev": true,
      "license": "MIT"
    },
    "node_modules/@react-aria/focus": {
      "version": "3.20.5",
      "resolved": "https://registry.npmjs.org/@react-aria/focus/-/focus-3.20.5.tgz",
      "integrity": "sha512-JpFtXmWQ0Oca7FcvkqgjSyo6xEP7v3oQOLUId6o0xTvm4AD5W0mU2r3lYrbhsJ+XxdUUX4AVR5473sZZ85kU4A==",
      "license": "Apache-2.0",
      "dependencies": {
        "@react-aria/interactions": "^3.25.3",
        "@react-aria/utils": "^3.29.1",
        "@react-types/shared": "^3.30.0",
        "@swc/helpers": "^0.5.0",
        "clsx": "^2.0.0"
      },
      "peerDependencies": {
        "react": "^16.8.0 || ^17.0.0-rc.1 || ^18.0.0 || ^19.0.0-rc.1",
        "react-dom": "^16.8.0 || ^17.0.0-rc.1 || ^18.0.0 || ^19.0.0-rc.1"
      }
    },
    "node_modules/@react-aria/interactions": {
      "version": "3.25.3",
      "resolved": "https://registry.npmjs.org/@react-aria/interactions/-/interactions-3.25.3.tgz",
      "integrity": "sha512-J1bhlrNtjPS/fe5uJQ+0c7/jiXniwa4RQlP+Emjfc/iuqpW2RhbF9ou5vROcLzWIyaW8tVMZ468J68rAs/aZ5A==",
      "license": "Apache-2.0",
      "dependencies": {
        "@react-aria/ssr": "^3.9.9",
        "@react-aria/utils": "^3.29.1",
        "@react-stately/flags": "^3.1.2",
        "@react-types/shared": "^3.30.0",
        "@swc/helpers": "^0.5.0"
      },
      "peerDependencies": {
        "react": "^16.8.0 || ^17.0.0-rc.1 || ^18.0.0 || ^19.0.0-rc.1",
        "react-dom": "^16.8.0 || ^17.0.0-rc.1 || ^18.0.0 || ^19.0.0-rc.1"
      }
    },
    "node_modules/@react-aria/ssr": {
      "version": "3.9.9",
      "resolved": "https://registry.npmjs.org/@react-aria/ssr/-/ssr-3.9.9.tgz",
      "integrity": "sha512-2P5thfjfPy/np18e5wD4WPt8ydNXhij1jwA8oehxZTFqlgVMGXzcWKxTb4RtJrLFsqPO7RUQTiY8QJk0M4Vy2g==",
      "license": "Apache-2.0",
      "dependencies": {
        "@swc/helpers": "^0.5.0"
      },
      "engines": {
        "node": ">= 12"
      },
      "peerDependencies": {
        "react": "^16.8.0 || ^17.0.0-rc.1 || ^18.0.0 || ^19.0.0-rc.1"
      }
    },
    "node_modules/@react-aria/utils": {
      "version": "3.29.1",
      "resolved": "https://registry.npmjs.org/@react-aria/utils/-/utils-3.29.1.tgz",
      "integrity": "sha512-yXMFVJ73rbQ/yYE/49n5Uidjw7kh192WNN9PNQGV0Xoc7EJUlSOxqhnpHmYTyO0EotJ8fdM1fMH8durHjUSI8g==",
      "license": "Apache-2.0",
      "dependencies": {
        "@react-aria/ssr": "^3.9.9",
        "@react-stately/flags": "^3.1.2",
        "@react-stately/utils": "^3.10.7",
        "@react-types/shared": "^3.30.0",
        "@swc/helpers": "^0.5.0",
        "clsx": "^2.0.0"
      },
      "peerDependencies": {
        "react": "^16.8.0 || ^17.0.0-rc.1 || ^18.0.0 || ^19.0.0-rc.1",
        "react-dom": "^16.8.0 || ^17.0.0-rc.1 || ^18.0.0 || ^19.0.0-rc.1"
      }
    },
    "node_modules/@react-stately/flags": {
      "version": "3.1.2",
      "resolved": "https://registry.npmjs.org/@react-stately/flags/-/flags-3.1.2.tgz",
      "integrity": "sha512-2HjFcZx1MyQXoPqcBGALwWWmgFVUk2TuKVIQxCbRq7fPyWXIl6VHcakCLurdtYC2Iks7zizvz0Idv48MQ38DWg==",
      "license": "Apache-2.0",
      "dependencies": {
        "@swc/helpers": "^0.5.0"
      }
    },
    "node_modules/@react-stately/utils": {
      "version": "3.10.7",
      "resolved": "https://registry.npmjs.org/@react-stately/utils/-/utils-3.10.7.tgz",
      "integrity": "sha512-cWvjGAocvy4abO9zbr6PW6taHgF24Mwy/LbQ4TC4Aq3tKdKDntxyD+sh7AkSRfJRT2ccMVaHVv2+FfHThd3PKQ==",
      "license": "Apache-2.0",
      "dependencies": {
        "@swc/helpers": "^0.5.0"
      },
      "peerDependencies": {
        "react": "^16.8.0 || ^17.0.0-rc.1 || ^18.0.0 || ^19.0.0-rc.1"
      }
    },
    "node_modules/@react-types/shared": {
      "version": "3.30.0",
      "resolved": "https://registry.npmjs.org/@react-types/shared/-/shared-3.30.0.tgz",
      "integrity": "sha512-COIazDAx1ncDg046cTJ8SFYsX8aS3lB/08LDnbkH/SkdYrFPWDlXMrO/sUam8j1WWM+PJ+4d1mj7tODIKNiFog==",
      "license": "Apache-2.0",
      "peerDependencies": {
        "react": "^16.8.0 || ^17.0.0-rc.1 || ^18.0.0 || ^19.0.0-rc.1"
      }
    },
    "node_modules/@swc/helpers": {
      "version": "0.5.17",
      "resolved": "https://registry.npmjs.org/@swc/helpers/-/helpers-0.5.17.tgz",
      "integrity": "sha512-5IKx/Y13RsYd+sauPb2x+U/xZikHjolzfuDgTAl/Tdf3Q8rslRvC19NKDLgAJQ6wsqADk10ntlv08nPFw/gO/A==",
      "license": "Apache-2.0",
      "dependencies": {
        "tslib": "^2.8.0"
      }
    },
    "node_modules/@tanstack/react-virtual": {
      "version": "3.13.12",
      "resolved": "https://registry.npmjs.org/@tanstack/react-virtual/-/react-virtual-3.13.12.tgz",
      "integrity": "sha512-Gd13QdxPSukP8ZrkbgS2RwoZseTTbQPLnQEn7HY/rqtM+8Zt95f7xKC7N0EsKs7aoz0WzZ+fditZux+F8EzYxA==",
      "license": "MIT",
      "dependencies": {
        "@tanstack/virtual-core": "3.13.12"
      },
      "funding": {
        "type": "github",
        "url": "https://github.com/sponsors/tannerlinsley"
      },
      "peerDependencies": {
        "react": "^16.8.0 || ^17.0.0 || ^18.0.0 || ^19.0.0",
        "react-dom": "^16.8.0 || ^17.0.0 || ^18.0.0 || ^19.0.0"
      }
    },
    "node_modules/@tanstack/virtual-core": {
      "version": "3.13.12",
      "resolved": "https://registry.npmjs.org/@tanstack/virtual-core/-/virtual-core-3.13.12.tgz",
      "integrity": "sha512-1YBOJfRHV4sXUmWsFSf5rQor4Ss82G8dQWLRbnk3GA4jeP8hQt1hxXh0tmflpC0dz3VgEv/1+qwPyLeWkQuPFA==",
      "license": "MIT",
      "funding": {
        "type": "github",
        "url": "https://github.com/sponsors/tannerlinsley"
      }
    },
    "node_modules/acorn": {
      "version": "8.15.0",
      "resolved": "https://registry.npmjs.org/acorn/-/acorn-8.15.0.tgz",
      "integrity": "sha512-NZyJarBfL7nWwIq+FDL6Zp/yHEhePMNnnJ0y3qfieCrmNvYct8uvtiV41UvlSe6apAfk0fY1FbWx+NwfmpvtTg==",
      "dev": true,
      "license": "MIT",
      "bin": {
        "acorn": "bin/acorn"
      },
      "engines": {
        "node": ">=0.4.0"
      }
    },
    "node_modules/acorn-walk": {
      "version": "8.3.4",
      "resolved": "https://registry.npmjs.org/acorn-walk/-/acorn-walk-8.3.4.tgz",
      "integrity": "sha512-ueEepnujpqee2o5aIYnvHU6C0A42MNdsIDeqy5BydrkuC5R1ZuUFnm27EeFJGoEHJQgn3uleRvmTXaJgfXbt4g==",
      "dev": true,
      "license": "MIT",
      "dependencies": {
        "acorn": "^8.11.0"
      },
      "engines": {
        "node": ">=0.4.0"
      }
    },
    "node_modules/clsx": {
      "version": "2.1.1",
      "resolved": "https://registry.npmjs.org/clsx/-/clsx-2.1.1.tgz",
      "integrity": "sha512-eYm0QWBtUrBWZWG0d386OGAw16Z995PiOVo2B7bjWSbHedGl5e0ZWaq65kOGgUSNesEIDkB9ISbTg/JK9dhCZA==",
      "license": "MIT",
      "engines": {
        "node": ">=6"
      }
    },
    "node_modules/commander": {
      "version": "7.2.0",
      "resolved": "https://registry.npmjs.org/commander/-/commander-7.2.0.tgz",
      "integrity": "sha512-QrWXB+ZQSVPmIWIhtEO9H+gwHaMGYiF5ChvoJ+K9ZGHG/sVsa6yiesAD1GC/x46sET00Xlwo1u49RVVVzvcSkw==",
      "dev": true,
      "license": "MIT",
      "engines": {
        "node": ">= 10"
      }
    },
    "node_modules/debounce": {
      "version": "1.2.1",
      "resolved": "https://registry.npmjs.org/debounce/-/debounce-1.2.1.tgz",
      "integrity": "sha512-XRRe6Glud4rd/ZGQfiV1ruXSfbvfJedlV9Y6zOlP+2K04vBYiJEte6stfFkCP03aMnY5tsipamumUjL14fofug==",
      "dev": true,
      "license": "MIT"
    },
    "node_modules/duplexer": {
      "version": "0.1.2",
      "resolved": "https://registry.npmjs.org/duplexer/-/duplexer-0.1.2.tgz",
      "integrity": "sha512-jtD6YG370ZCIi/9GTaJKQxWTZD045+4R4hTk/x1UyoqadyJ9x9CgSi1RlVDQF8U2sxLLSnFkCaMihqljHIWgMg==",
      "dev": true,
      "license": "MIT"
    },
    "node_modules/escape-string-regexp": {
      "version": "4.0.0",
      "resolved": "https://registry.npmjs.org/escape-string-regexp/-/escape-string-regexp-4.0.0.tgz",
      "integrity": "sha512-TtpcNJ3XAzx3Gq8sWRzJaVajRs0uVxA2YAkdb1jm2YkPz4G6egUFAyA3n5vtEIZefPk5Wa4UXbKuS5fKkJWdgA==",
      "dev": true,
      "license": "MIT",
      "engines": {
        "node": ">=10"
      },
      "funding": {
        "url": "https://github.com/sponsors/sindresorhus"
      }
    },
    "node_modules/gzip-size": {
      "version": "6.0.0",
      "resolved": "https://registry.npmjs.org/gzip-size/-/gzip-size-6.0.0.tgz",
      "integrity": "sha512-ax7ZYomf6jqPTQ4+XCpUGyXKHk5WweS+e05MBO4/y3WJ5RkmPXNKvX+bx1behVILVwr6JSQvZAku021CHPXG3Q==",
      "dev": true,
      "license": "MIT",
      "dependencies": {
        "duplexer": "^0.1.2"
      },
      "engines": {
        "node": ">=10"
      },
      "funding": {
        "url": "https://github.com/sponsors/sindresorhus"
      }
    },
    "node_modules/html-escaper": {
      "version": "2.0.2",
      "resolved": "https://registry.npmjs.org/html-escaper/-/html-escaper-2.0.2.tgz",
      "integrity": "sha512-H2iMtd0I4Mt5eYiapRdIDjp+XzelXQ0tFE4JS7YFwFevXXMmOp9myNrUvCg0D6ws8iqkRPBfKHgbwig1SmlLfg==",
      "dev": true,
      "license": "MIT"
    },
    "node_modules/is-plain-object": {
      "version": "5.0.0",
      "resolved": "https://registry.npmjs.org/is-plain-object/-/is-plain-object-5.0.0.tgz",
      "integrity": "sha512-VRSzKkbMm5jMDoKLbltAkFQ5Qr7VDiTFGXxYFXXowVj387GeGNOCsOH6Msy00SGZ3Fp84b1Naa1psqgcCIEP5Q==",
      "dev": true,
      "license": "MIT",
      "engines": {
        "node": ">=0.10.0"
      }
    },
    "node_modules/mrmime": {
      "version": "2.0.1",
      "resolved": "https://registry.npmjs.org/mrmime/-/mrmime-2.0.1.tgz",
      "integrity": "sha512-Y3wQdFg2Va6etvQ5I82yUhGdsKrcYox6p7FfL1LbK2J4V01F9TGlepTIhnK24t7koZibmg82KGglhA1XK5IsLQ==",
      "dev": true,
      "license": "MIT",
      "engines": {
        "node": ">=10"
      }
    },
    "node_modules/opener": {
      "version": "1.5.2",
      "resolved": "https://registry.npmjs.org/opener/-/opener-1.5.2.tgz",
      "integrity": "sha512-ur5UIdyw5Y7yEj9wLzhqXiy6GZ3Mwx0yGI+5sMn2r0N0v3cKJvUmFH5yPP+WXh9e0xfyzyJX95D8l088DNFj7A==",
      "dev": true,
      "license": "(WTFPL OR MIT)",
      "bin": {
        "opener": "bin/opener-bin.js"
      }
    },
    "node_modules/picocolors": {
      "version": "1.1.1",
      "resolved": "https://registry.npmjs.org/picocolors/-/picocolors-1.1.1.tgz",
      "integrity": "sha512-xceH2snhtb5M9liqDsmEw56le376mTZkEX/jEb/RxNFyegNul7eNslCXP9FDj/Lcu0X8KEyMceP2ntpaHrDEVA==",
      "dev": true,
      "license": "ISC"
    },
    "node_modules/react": {
      "version": "19.1.0",
      "resolved": "https://registry.npmjs.org/react/-/react-19.1.0.tgz",
      "integrity": "sha512-FS+XFBNvn3GTAWq26joslQgWNoFu08F4kl0J4CgdNKADkdSGXQyTCnKteIAJy96Br6YbpEU1LSzV5dYtjMkMDg==",
      "license": "MIT",
      "peer": true,
      "engines": {
        "node": ">=0.10.0"
      }
    },
    "node_modules/react-dom": {
      "version": "19.1.0",
      "resolved": "https://registry.npmjs.org/react-dom/-/react-dom-19.1.0.tgz",
      "integrity": "sha512-Xs1hdnE+DyKgeHJeJznQmYMIBG3TKIHJJT95Q58nHLSrElKlGQqDTR2HQ9fx5CN/Gk6Vh/kupBTDLU11/nDk/g==",
      "license": "MIT",
      "peer": true,
      "dependencies": {
        "scheduler": "^0.26.0"
      },
      "peerDependencies": {
        "react": "^19.1.0"
      }
    },
    "node_modules/scheduler": {
      "version": "0.26.0",
      "resolved": "https://registry.npmjs.org/scheduler/-/scheduler-0.26.0.tgz",
      "integrity": "sha512-NlHwttCI/l5gCPR3D1nNXtWABUmBwvZpEQiD4IXSbIDq8BzLIK/7Ir5gTFSGZDUu37K5cMNp0hFtzO38sC7gWA==",
      "license": "MIT",
      "peer": true
    },
    "node_modules/sirv": {
      "version": "2.0.4",
      "resolved": "https://registry.npmjs.org/sirv/-/sirv-2.0.4.tgz",
      "integrity": "sha512-94Bdh3cC2PKrbgSOUqTiGPWVZeSiXfKOVZNJniWoqrWrRkB1CJzBU3NEbiTsPcYy1lDsANA/THzS+9WBiy5nfQ==",
      "dev": true,
      "license": "MIT",
      "dependencies": {
        "@polka/url": "^1.0.0-next.24",
        "mrmime": "^2.0.0",
        "totalist": "^3.0.0"
      },
      "engines": {
        "node": ">= 10"
      }
    },
    "node_modules/tabbable": {
      "version": "6.2.0",
      "resolved": "https://registry.npmjs.org/tabbable/-/tabbable-6.2.0.tgz",
      "integrity": "sha512-Cat63mxsVJlzYvN51JmVXIgNoUokrIaT2zLclCXjRd8boZ0004U4KCs/sToJ75C6sdlByWxpYnb5Boif1VSFew==",
      "license": "MIT"
    },
    "node_modules/tailwind-merge": {
      "version": "3.3.1",
      "resolved": "https://registry.npmjs.org/tailwind-merge/-/tailwind-merge-3.3.1.tgz",
      "integrity": "sha512-gBXpgUm/3rp1lMZZrM/w7D8GKqshif0zAymAhbCyIt8KMe+0v9DQ7cdYLR4FHH/cKpdTXb+A/tKKU3eolfsI+g==",
      "license": "MIT",
      "funding": {
        "type": "github",
        "url": "https://github.com/sponsors/dcastil"
      }
    },
    "node_modules/totalist": {
      "version": "3.0.1",
      "resolved": "https://registry.npmjs.org/totalist/-/totalist-3.0.1.tgz",
      "integrity": "sha512-sf4i37nQ2LBx4m3wB74y+ubopq6W/dIzXg0FDGjsYnZHVa1Da8FH853wlL2gtUhg+xJXjfk3kUZS3BRoQeoQBQ==",
      "dev": true,
      "license": "MIT",
      "engines": {
        "node": ">=6"
      }
    },
    "node_modules/tslib": {
      "version": "2.8.1",
      "resolved": "https://registry.npmjs.org/tslib/-/tslib-2.8.1.tgz",
      "integrity": "sha512-oJFu94HQb+KVduSUQL7wnpmqnfmLsOA/nAh6b6EH0wCEoK0/mPeXU6c3wKDV83MkOuHPRHtSXKKU99IBazS/2w==",
      "license": "0BSD"
    },
    "node_modules/use-sync-external-store": {
      "version": "1.5.0",
      "resolved": "https://registry.npmjs.org/use-sync-external-store/-/use-sync-external-store-1.5.0.tgz",
      "integrity": "sha512-Rb46I4cGGVBmjamjphe8L/UnvJD+uPPtTkNvX5mZgqdbavhI4EbgIWJiIHXJ8bc/i9EQGPRh4DwEURJ552Do0A==",
      "license": "MIT",
      "peerDependencies": {
        "react": "^16.8.0 || ^17.0.0 || ^18.0.0 || ^19.0.0"
      }
    },
    "node_modules/webpack-bundle-analyzer": {
      "version": "4.10.1",
      "resolved": "https://registry.npmjs.org/webpack-bundle-analyzer/-/webpack-bundle-analyzer-4.10.1.tgz",
      "integrity": "sha512-s3P7pgexgT/HTUSYgxJyn28A+99mmLq4HsJepMPzu0R8ImJc52QNqaFYW1Z2z2uIb1/J3eYgaAWVpaC+v/1aAQ==",
      "dev": true,
      "license": "MIT",
      "dependencies": {
        "@discoveryjs/json-ext": "0.5.7",
        "acorn": "^8.0.4",
        "acorn-walk": "^8.0.0",
        "commander": "^7.2.0",
        "debounce": "^1.2.1",
        "escape-string-regexp": "^4.0.0",
        "gzip-size": "^6.0.0",
        "html-escaper": "^2.0.2",
        "is-plain-object": "^5.0.0",
        "opener": "^1.5.2",
        "picocolors": "^1.0.0",
        "sirv": "^2.0.3",
        "ws": "^7.3.1"
      },
      "bin": {
        "webpack-bundle-analyzer": "lib/bin/analyzer.js"
      },
      "engines": {
        "node": ">= 10.13.0"
      }
    },
    "node_modules/ws": {
      "version": "7.5.10",
      "resolved": "https://registry.npmjs.org/ws/-/ws-7.5.10.tgz",
      "integrity": "sha512-+dbF1tHwZpXcbOJdVOkzLDxZP1ailvSxM6ZweXTegylPny803bFhA+vqBYw4s31NSAk4S2Qz+AKXK9a4wkdjcQ==",
      "dev": true,
      "license": "MIT",
      "engines": {
        "node": ">=8.3.0"
      },
      "peerDependencies": {
        "bufferutil": "^4.0.1",
        "utf-8-validate": "^5.0.2"
      },
      "peerDependenciesMeta": {
        "bufferutil": {
          "optional": true
        },
        "utf-8-validate": {
          "optional": true
        }
      }
    }
  }
}
